<Solution>
  <Folder Name="/src/">
    <Project Path="src/InventoryManagement.Application/InventoryManagement.Application.csproj" />
    <Project Path="src/InventoryManagement.Domain/InventoryManagement.Domain.csproj" />
    <Project Path="src/InventoryManagement.Infrastructure/InventoryManagement.Infrastructure.csproj" />
    <Project Path="src/InventoryManagement.Web/InventoryManagement.Web.csproj" />
  </Folder>
</Solution>
